
Microsoft Visual Studio Solution File, Format Version 12.00
# Visual Studio Version 16
VisualStudioVersion = 16.0.29519.87
MinimumVisualStudioVersion = 10.0.40219.1
Project("{FAE04EC0-301F-11D3-BF4B-00C04F79EFBC}") = "SpaceInvaders", "SpaceInvaders.csproj", "{01BAE05C-EB3F-4579-A9A0-275D2F2B278D}"
EndProject
Global
	GlobalSection(SolutionConfigurationPlatforms) = preSolution
		Debug|Any CPU = Debug|Any CPU
		Release|Any CPU = Release|Any CPU
	EndGlobalSection
	GlobalSection(ProjectConfigurationPlatforms) = postSolution
		{01BAE05C-EB3F-4579-A9A0-275D2F2B278D}.Debug|Any CPU.ActiveCfg = Debug|Any CPU
		{01BAE05C-EB3F-4579-A9A0-275D2F2B278D}.Debug|Any CPU.Build.0 = Debug|Any CPU
		{01BAE05C-EB3F-4579-A9A0-275D2F2B278D}.Release|Any CPU.ActiveCfg = Release|Any CPU
		{01BAE05C-EB3F-4579-A9A0-275D2F2B278D}.Release|Any CPU.Build.0 = Release|Any CPU
	EndGlobalSection
	GlobalSection(SolutionProperties) = preSolution
		HideSolutionNode = FALSE
	EndGlobalSection
	GlobalSection(ExtensibilityGlobals) = postSolution
		SolutionGuid = {E56CCCA4-9EA2-4918-BACA-96EEEB313FF7}
	EndGlobalSection
EndGlobal
